// !$*UTF8*$!
{
	archiveVersion = 1;
	classes = {
	};
	objectVersion = 50;
	objects = {

/* Begin PBXBuildFile section */
		04FD1C0E26C91EE900BD1049 /* Machine.cpp in Sources */ = {isa = PBXBuildFile; fileRef = 04FD1C0626C91EE900BD1049 /* Machine.cpp */; };
		04FD1C0F26C91EE900BD1049 /* MainView.cpp in Sources */ = {isa = PBXBuildFile; fileRef = 04FD1C0826C91EE900BD1049 /* MainView.cpp */; };
		04FD1C1026C91EE900BD1049 /* ViewManager.cpp in Sources */ = {isa = PBXBuildFile; fileRef = 04FD1C0926C91EE900BD1049 /* ViewManager.cpp */; };
		04FD1C1126C91EE900BD1049 /* main.cpp in Sources */ = {isa = PBXBuildFile; fileRef = 04FD1C0D26C91EE900BD1049 /* main.cpp */; };
/* End PBXBuildFile section */

/* Begin PBXCopyFilesBuildPhase section */
		04FD1BF626C91E9000BD1049 /* CopyFiles */ = {
			isa = PBXCopyFilesBuildPhase;
			buildActionMask = 12;
			dstPath = "";
			dstSubfolderSpec = 16;
			files = (
			);
			runOnlyForDeploymentPostprocessing = 0;
		};
/* End PBXCopyFilesBuildPhase section */

/* Begin PBXFileReference section */
		04FD1BF826C91E9000BD1049 /* Miniature */ = {isa = PBXFileReference; explicitFileType = "compiled.mach-o.executable"; includeInIndex = 0; path = Miniature; sourceTree = BUILT_PRODUCTS_DIR; };
		04FD1C0326C91EE900BD1049 /* Machine.h */ = {isa = PBXFileReference; fileEncoding = 4; lastKnownFileType = sourcecode.c.h; path = Machine.h; sourceTree = "<group>"; };
		04FD1C0426C91EE900BD1049 /* Common.h */ = {isa = PBXFileReference; fileEncoding = 4; lastKnownFileType = sourcecode.c.h; path = Common.h; sourceTree = "<group>"; };
		04FD1C0526C91EE900BD1049 /* FlagSet.h */ = {isa = PBXFileReference; fileEncoding = 4; lastKnownFileType = sourcecode.c.h; path = FlagSet.h; sourceTree = "<group>"; };
		04FD1C0626C91EE900BD1049 /* Machine.cpp */ = {isa = PBXFileReference; fileEncoding = 4; lastKnownFileType = sourcecode.cpp.cpp; path = Machine.cpp; sourceTree = "<group>"; };
		04FD1C0826C91EE900BD1049 /* MainView.cpp */ = {isa = PBXFileReference; fileEncoding = 4; lastKnownFileType = sourcecode.cpp.cpp; path = MainView.cpp; sourceTree = "<group>"; };
		04FD1C0926C91EE900BD1049 /* ViewManager.cpp */ = {isa = PBXFileReference; fileEncoding = 4; lastKnownFileType = sourcecode.cpp.cpp; path = ViewManager.cpp; sourceTree = "<group>"; };
		04FD1C0A26C91EE900BD1049 /* ViewManager.h */ = {isa = PBXFileReference; fileEncoding = 4; lastKnownFileType = sourcecode.c.h; path = ViewManager.h; sourceTree = "<group>"; };
		04FD1C0B26C91EE900BD1049 /* MainView.h */ = {isa = PBXFileReference; fileEncoding = 4; lastKnownFileType = sourcecode.c.h; path = MainView.h; sourceTree = "<group>"; };
		04FD1C0C26C91EE900BD1049 /* SdlHelper.h */ = {isa = PBXFileReference; fileEncoding = 4; lastKnownFileType = sourcecode.c.h; path = SdlHelper.h; sourceTree = "<group>"; };
		04FD1C0D26C91EE900BD1049 /* main.cpp */ = {isa = PBXFileReference; fileEncoding = 4; lastKnownFileType = sourcecode.cpp.cpp; path = main.cpp; sourceTree = "<group>"; };
		04FD1C1D26CB281800BD1049 /* Entitlements.plist */ = {isa = PBXFileReference; lastKnownFileType = text.plist.xml; path = Entitlements.plist; sourceTree = "<group>"; };
/* End PBXFileReference section */

/* Begin PBXFrameworksBuildPhase section */
		04FD1BF526C91E9000BD1049 /* Frameworks */ = {
			isa = PBXFrameworksBuildPhase;
			buildActionMask = 2147483647;
			files = (
			);
			runOnlyForDeploymentPostprocessing = 0;
		};
/* End PBXFrameworksBuildPhase section */

/* Begin PBXGroup section */
		04FD1BEF26C91E9000BD1049 = {
			isa = PBXGroup;
			children = (
				04FD1C1D26CB281800BD1049 /* Entitlements.plist */,
				04FD1C0226C91EE900BD1049 /* src */,
				04FD1BF926C91E9000BD1049 /* Products */,
				04FD1C1226C91F2600BD1049 /* Frameworks */,
			);
			sourceTree = "<group>";
		};
		04FD1BF926C91E9000BD1049 /* Products */ = {
			isa = PBXGroup;
			children = (
				04FD1BF826C91E9000BD1049 /* Miniature */,
			);
			name = Products;
			sourceTree = "<group>";
		};
		04FD1C0226C91EE900BD1049 /* src */ = {
			isa = PBXGroup;
			children = (
				04FD1C0726C91EE900BD1049 /* gfx */,
				04FD1C0326C91EE900BD1049 /* Machine.h */,
				04FD1C0426C91EE900BD1049 /* Common.h */,
				04FD1C0526C91EE900BD1049 /* FlagSet.h */,
				04FD1C0626C91EE900BD1049 /* Machine.cpp */,
				04FD1C0D26C91EE900BD1049 /* main.cpp */,
			);
			name = src;
			path = ../../src;
			sourceTree = "<group>";
		};
		04FD1C0726C91EE900BD1049 /* gfx */ = {
			isa = PBXGroup;
			children = (
				04FD1C0826C91EE900BD1049 /* MainView.cpp */,
				04FD1C0926C91EE900BD1049 /* ViewManager.cpp */,
				04FD1C0A26C91EE900BD1049 /* ViewManager.h */,
				04FD1C0B26C91EE900BD1049 /* MainView.h */,
				04FD1C0C26C91EE900BD1049 /* SdlHelper.h */,
			);
			path = gfx;
			sourceTree = "<group>";
		};
		04FD1C1226C91F2600BD1049 /* Frameworks */ = {
			isa = PBXGroup;
			children = (
			);
			name = Frameworks;
			sourceTree = "<group>";
		};
/* End PBXGroup section */

/* Begin PBXNativeTarget section */
		04FD1BF726C91E9000BD1049 /* Miniature */ = {
			isa = PBXNativeTarget;
			buildConfigurationList = 04FD1BFF26C91E9000BD1049 /* Build configuration list for PBXNativeTarget "Miniature" */;
			buildPhases = (
				04FD1BF426C91E9000BD1049 /* Sources */,
				04FD1BF526C91E9000BD1049 /* Frameworks */,
				04FD1BF626C91E9000BD1049 /* CopyFiles */,
			);
			buildRules = (
			);
			dependencies = (
			);
			name = Miniature;
			productName = Mniature;
			productReference = 04FD1BF826C91E9000BD1049 /* Miniature */;
			productType = "com.apple.product-type.tool";
		};
/* End PBXNativeTarget section */

/* Begin PBXProject section */
		04FD1BF026C91E9000BD1049 /* Project object */ = {
			isa = PBXProject;
			attributes = {
				LastUpgradeCheck = 1250;
				TargetAttributes = {
					04FD1BF726C91E9000BD1049 = {
						CreatedOnToolsVersion = 12.5;
					};
				};
			};
			buildConfigurationList = 04FD1BF326C91E9000BD1049 /* Build configuration list for PBXProject "Miniature" */;
			compatibilityVersion = "Xcode 9.3";
			developmentRegion = en;
			hasScannedForEncodings = 0;
			knownRegions = (
				en,
				Base,
			);
			mainGroup = 04FD1BEF26C91E9000BD1049;
			productRefGroup = 04FD1BF926C91E9000BD1049 /* Products */;
			projectDirPath = "";
			projectRoot = "";
			targets = (
				04FD1BF726C91E9000BD1049 /* Miniature */,
			);
		};
/* End PBXProject section */

/* Begin PBXSourcesBuildPhase section */
		04FD1BF426C91E9000BD1049 /* Sources */ = {
			isa = PBXSourcesBuildPhase;
			buildActionMask = 2147483647;
			files = (
				04FD1C1026C91EE900BD1049 /* ViewManager.cpp in Sources */,
				04FD1C0E26C91EE900BD1049 /* Machine.cpp in Sources */,
				04FD1C1126C91EE900BD1049 /* main.cpp in Sources */,
				04FD1C0F26C91EE900BD1049 /* MainView.cpp in Sources */,
			);
			runOnlyForDeploymentPostprocessing = 0;
		};
/* End PBXSourcesBuildPhase section */

/* Begin XCBuildConfiguration section */
		04FD1BFD26C91E9000BD1049 /* Debug */ = {
			isa = XCBuildConfiguration;
			buildSettings = {
				ALWAYS_SEARCH_USER_PATHS = NO;
				CLANG_ANALYZER_NONNULL = YES;
				CLANG_ANALYZER_NUMBER_OBJECT_CONVERSION = YES_AGGRESSIVE;
				CLANG_CXX_LANGUAGE_STANDARD = "gnu++14";
				CLANG_CXX_LIBRARY = "libc++";
				CLANG_ENABLE_MODULES = YES;
				CLANG_ENABLE_OBJC_ARC = YES;
				CLANG_ENABLE_OBJC_WEAK = YES;
				CLANG_WARN_BLOCK_CAPTURE_AUTORELEASING = YES;
				CLANG_WARN_BOOL_CONVERSION = YES;
				CLANG_WARN_COMMA = YES;
				CLANG_WARN_CONSTANT_CONVERSION = YES;
				CLANG_WARN_DEPRECATED_OBJC_IMPLEMENTATIONS = YES;
				CLANG_WARN_DIRECT_OBJC_ISA_USAGE = YES_ERROR;
				CLANG_WARN_DOCUMENTATION_COMMENTS = YES;
				CLANG_WARN_EMPTY_BODY = YES;
				CLANG_WARN_ENUM_CONVERSION = YES;
				CLANG_WARN_INFINITE_RECURSION = YES;
				CLANG_WARN_INT_CONVERSION = YES;
				CLANG_WARN_NON_LITERAL_NULL_CONVERSION = YES;
				CLANG_WARN_OBJC_IMPLICIT_RETAIN_SELF = YES;
				CLANG_WARN_OBJC_LITERAL_CONVERSION = YES;
				CLANG_WARN_OBJC_ROOT_CLASS = YES_ERROR;
				CLANG_WARN_QUOTED_INCLUDE_IN_FRAMEWORK_HEADER = YES;
				CLANG_WARN_RANGE_LOOP_ANALYSIS = YES;
				CLANG_WARN_STRICT_PROTOTYPES = YES;
				CLANG_WARN_SUSPICIOUS_MOVE = YES;
				CLANG_WARN_UNGUARDED_AVAILABILITY = YES_AGGRESSIVE;
				CLANG_WARN_UNREACHABLE_CODE = YES;
				CLANG_WARN__DUPLICATE_METHOD_MATCH = YES;
				CODE_SIGN_ENTITLEMENTS = Entitlements.plist;
				COPY_PHASE_STRIP = NO;
				DEBUG_INFORMATION_FORMAT = dwarf;
				ENABLE_STRICT_OBJC_MSGSEND = YES;
				ENABLE_TESTABILITY = YES;
				FRAMEWORK_SEARCH_PATHS = /Users/jack/Documents/Dev/openmom/libs/;
				GCC_C_LANGUAGE_STANDARD = gnu11;
				GCC_DYNAMIC_NO_PIC = NO;
				GCC_NO_COMMON_BLOCKS = YES;
				GCC_OPTIMIZATION_LEVEL = 0;
				GCC_PREPROCESSOR_DEFINITIONS = (
					"DEBUG=1",
					"$(inherited)",
				);
				GCC_WARN_64_TO_32_BIT_CONVERSION = YES;
				GCC_WARN_ABOUT_RETURN_TYPE = YES_ERROR;
				GCC_WARN_UNDECLARED_SELECTOR = YES;
				GCC_WARN_UNINITIALIZED_AUTOS = YES_AGGRESSIVE;
				GCC_WARN_UNUSED_FUNCTION = YES;
				GCC_WARN_UNUSED_VARIABLE = YES;
				HEADER_SEARCH_PATHS = /Users/jack/Documents/Dev/openmom/libs/SDL2.framework/Headers/SDL2.framework/Headers;
				MACOSX_DEPLOYMENT_TARGET = 11.3;
				MTL_ENABLE_DEBUG_INFO = INCLUDE_SOURCE;
				MTL_FAST_MATH = YES;
				ONLY_ACTIVE_ARCH = YES;
				SDKROOT = macosx;
			};
			name = Debug;
		};
		04FD1BFE26C91E9000BD1049 /* Release */ = {
			isa = XCBuildConfiguration;
			buildSettings = {
				ALWAYS_SEARCH_USER_PATHS = NO;
				CLANG_ANALYZER_NONNULL = YES;
				CLANG_ANALYZER_NUMBER_OBJECT_CONVERSION = YES_AGGRESSIVE;
				CLANG_CXX_LANGUAGE_STANDARD = "gnu++14";
				CLANG_CXX_LIBRARY = "libc++";
				CLANG_ENABLE_MODULES = YES;
				CLANG_ENABLE_OBJC_ARC = YES;
				CLANG_ENABLE_OBJC_WEAK = YES;
				CLANG_WARN_BLOCK_CAPTURE_AUTORELEASING = YES;
				CLANG_WARN_BOOL_CONVERSION = YES;
				CLANG_WARN_COMMA = YES;
				CLANG_WARN_CONSTANT_CONVERSION = YES;
				CLANG_WARN_DEPRECATED_OBJC_IMPLEMENTATIONS = YES;
				CLANG_WARN_DIRECT_OBJC_ISA_USAGE = YES_ERROR;
				CLANG_WARN_DOCUMENTATION_COMMENTS = YES;
				CLANG_WARN_EMPTY_BODY = YES;
				CLANG_WARN_ENUM_CONVERSION = YES;
				CLANG_WARN_INFINITE_RECURSION = YES;
				CLANG_WARN_INT_CONVERSION = YES;
				CLANG_WARN_NON_LITERAL_NULL_CONVERSION = YES;
				CLANG_WARN_OBJC_IMPLICIT_RETAIN_SELF = YES;
				CLANG_WARN_OBJC_LITERAL_CONVERSION = YES;
				CLANG_WARN_OBJC_ROOT_CLASS = YES_ERROR;
				CLANG_WARN_QUOTED_INCLUDE_IN_FRAMEWORK_HEADER = YES;
				CLANG_WARN_RANGE_LOOP_ANALYSIS = YES;
				CLANG_WARN_STRICT_PROTOTYPES = YES;
				CLANG_WARN_SUSPICIOUS_MOVE = YES;
				CLANG_WARN_UNGUARDED_AVAILABILITY = YES_AGGRESSIVE;
				CLANG_WARN_UNREACHABLE_CODE = YES;
				CLANG_WARN__DUPLICATE_METHOD_MATCH = YES;
				CODE_SIGN_ENTITLEMENTS = Entitlements.plist;
				COPY_PHASE_STRIP = NO;
				DEBUG_INFORMATION_FORMAT = "dwarf-with-dsym";
				ENABLE_NS_ASSERTIONS = NO;
				ENABLE_STRICT_OBJC_MSGSEND = YES;
				FRAMEWORK_SEARCH_PATHS = /Users/jack/Documents/Dev/openmom/libs/;
				GCC_C_LANGUAGE_STANDARD = gnu11;
				GCC_NO_COMMON_BLOCKS = YES;
				GCC_WARN_64_TO_32_BIT_CONVERSION = YES;
				GCC_WARN_ABOUT_RETURN_TYPE = YES_ERROR;
				GCC_WARN_UNDECLARED_SELECTOR = YES;
				GCC_WARN_UNINITIALIZED_AUTOS = YES_AGGRESSIVE;
				GCC_WARN_UNUSED_FUNCTION = YES;
				GCC_WARN_UNUSED_VARIABLE = YES;
				HEADER_SEARCH_PATHS = /Users/jack/Documents/Dev/openmom/libs/SDL2.framework/Headers/SDL2.framework/Headers;
				MACOSX_DEPLOYMENT_TARGET = 11.3;
				MTL_ENABLE_DEBUG_INFO = NO;
				MTL_FAST_MATH = YES;
				SDKROOT = macosx;
			};
			name = Release;
		};
		04FD1C0026C91E9000BD1049 /* Debug */ = {
			isa = XCBuildConfiguration;
			buildSettings = {
				ARCHS = arm64;
				CLANG_CXX_LANGUAGE_STANDARD = "gnu++17";
				CODE_SIGN_STYLE = Automatic;
				DEVELOPMENT_TEAM = "";
				ENABLE_HARDENED_RUNTIME = YES;
				HEADER_SEARCH_PATHS = (
					/Users/jack/Documents/Dev/openmom/libs/SDL2.framework/Versions/A/Headers,
					/Users/jack/Documents/Dev/openmom/libs/SDL2_image.framework/Versions/A/Headers,
				);
				OTHER_CPLUSPLUSFLAGS = (
					"$(OTHER_CFLAGS)",
					"-I/opt/homebrew/include/SDL2",
					"-DTHREAD_SAFE",
				);
				OTHER_LDFLAGS = (
					"-lSDL2",
					"-lSDL2_image",
					"-L/opt/homebrew/lib",
				);
				PRODUCT_NAME = "$(TARGET_NAME)";
			};
			name = Debug;
		};
		04FD1C0126C91E9000BD1049 /* Release */ = {
			isa = XCBuildConfiguration;
			buildSettings = {
				ARCHS = arm64;
				CLANG_CXX_LANGUAGE_STANDARD = "gnu++17";
				CODE_SIGN_STYLE = Automatic;
				DEVELOPMENT_TEAM = "";
				ENABLE_HARDENED_RUNTIME = YES;
				HEADER_SEARCH_PATHS = (
					/Users/jack/Documents/Dev/openmom/libs/SDL2.framework/Versions/A/Headers,
					/Users/jack/Documents/Dev/openmom/libs/SDL2_image.framework/Versions/A/Headers,
				);
				OTHER_CPLUSPLUSFLAGS = (
					"$(OTHER_CFLAGS)",
					"-I/opt/homebrew/include/SDL2",
					"-DTHREAD_SAFE",
				);
				OTHER_LDFLAGS = (
					"-lSDL2",
					"-lSDL2_image",
					"-L/opt/homebrew/lib",
				);
				PRODUCT_NAME = "$(TARGET_NAME)";
			};
			name = Release;
		};
/* End XCBuildConfiguration section */

/* Begin XCConfigurationList section */
		04FD1BF326C91E9000BD1049 /* Build configuration list for PBXProject "Miniature" */ = {
			isa = XCConfigurationList;
			buildConfigurations = (
				04FD1BFD26C91E9000BD1049 /* Debug */,
				04FD1BFE26C91E9000BD1049 /* Release */,
			);
			defaultConfigurationIsVisible = 0;
			defaultConfigurationName = Release;
		};
		04FD1BFF26C91E9000BD1049 /* Build configuration list for PBXNativeTarget "Miniature" */ = {
			isa = XCConfigurationList;
			buildConfigurations = (
				04FD1C0026C91E9000BD1049 /* Debug */,
				04FD1C0126C91E9000BD1049 /* Release */,
			);
			defaultConfigurationIsVisible = 0;
			defaultConfigurationName = Release;
		};
/* End XCConfigurationList section */
	};
	rootObject = 04FD1BF026C91E9000BD1049 /* Project object */;
}
